
Microsoft Visual Studio Solution File, Format Version 12.00
# Visual Studio 15
VisualStudioVersion = 15.0.26124.0
MinimumVisualStudioVersion = 15.0.26124.0
Project("{FAE04EC0-301F-11D3-BF4B-00C04F79EFBC}") = "Tortuga", "Tortuga\Tortuga.csproj", "{17864268-2566-4AFB-8F35-8B1669A32538}"
EndProject
Project("{FAE04EC0-301F-11D3-BF4B-00C04F79EFBC}") = "Tortuga.Test", "Tortuga.Test\Tortuga.Test.csproj", "{5AD6F2A7-6E17-4CD4-9616-0C57232977D1}"
EndProject
Global
	GlobalSection(SolutionConfigurationPlatforms) = preSolution
		Debug|Any CPU = Debug|Any CPU
		Debug|x64 = Debug|x64
		Debug|x86 = Debug|x86
		Release|Any CPU = Release|Any CPU
		Release|x64 = Release|x64
		Release|x86 = Release|x86
	EndGlobalSection
	GlobalSection(SolutionProperties) = preSolution
		HideSolutionNode = FALSE
	EndGlobalSection
	GlobalSection(ProjectConfigurationPlatforms) = postSolution
		{17864268-2566-4AFB-8F35-8B1669A32538}.Debug|Any CPU.ActiveCfg = Debug|Any CPU
		{17864268-2566-4AFB-8F35-8B1669A32538}.Debug|Any CPU.Build.0 = Debug|Any CPU
		{17864268-2566-4AFB-8F35-8B1669A32538}.Debug|x64.ActiveCfg = Debug|Any CPU
		{17864268-2566-4AFB-8F35-8B1669A32538}.Debug|x64.Build.0 = Debug|Any CPU
		{17864268-2566-4AFB-8F35-8B1669A32538}.Debug|x86.ActiveCfg = Debug|Any CPU
		{17864268-2566-4AFB-8F35-8B1669A32538}.Debug|x86.Build.0 = Debug|Any CPU
		{17864268-2566-4AFB-8F35-8B1669A32538}.Release|Any CPU.ActiveCfg = Release|Any CPU
		{17864268-2566-4AFB-8F35-8B1669A32538}.Release|Any CPU.Build.0 = Release|Any CPU
		{17864268-2566-4AFB-8F35-8B1669A32538}.Release|x64.ActiveCfg = Release|Any CPU
		{17864268-2566-4AFB-8F35-8B1669A32538}.Release|x64.Build.0 = Release|Any CPU
		{17864268-2566-4AFB-8F35-8B1669A32538}.Release|x86.ActiveCfg = Release|Any CPU
		{17864268-2566-4AFB-8F35-8B1669A32538}.Release|x86.Build.0 = Release|Any CPU
		{5AD6F2A7-6E17-4CD4-9616-0C57232977D1}.Debug|Any CPU.ActiveCfg = Debug|Any CPU
		{5AD6F2A7-6E17-4CD4-9616-0C57232977D1}.Debug|Any CPU.Build.0 = Debug|Any CPU
		{5AD6F2A7-6E17-4CD4-9616-0C57232977D1}.Debug|x64.ActiveCfg = Debug|Any CPU
		{5AD6F2A7-6E17-4CD4-9616-0C57232977D1}.Debug|x64.Build.0 = Debug|Any CPU
		{5AD6F2A7-6E17-4CD4-9616-0C57232977D1}.Debug|x86.ActiveCfg = Debug|Any CPU
		{5AD6F2A7-6E17-4CD4-9616-0C57232977D1}.Debug|x86.Build.0 = Debug|Any CPU
		{5AD6F2A7-6E17-4CD4-9616-0C57232977D1}.Release|Any CPU.ActiveCfg = Release|Any CPU
		{5AD6F2A7-6E17-4CD4-9616-0C57232977D1}.Release|Any CPU.Build.0 = Release|Any CPU
		{5AD6F2A7-6E17-4CD4-9616-0C57232977D1}.Release|x64.ActiveCfg = Release|Any CPU
		{5AD6F2A7-6E17-4CD4-9616-0C57232977D1}.Release|x64.Build.0 = Release|Any CPU
		{5AD6F2A7-6E17-4CD4-9616-0C57232977D1}.Release|x86.ActiveCfg = Release|Any CPU
		{5AD6F2A7-6E17-4CD4-9616-0C57232977D1}.Release|x86.Build.0 = Release|Any CPU
	EndGlobalSection
EndGlobal
